// !$*UTF8*$!
{
	archiveVersion = 1;
	classes = {
	};
	objectVersion = 56;
	objects = {

/* Begin PBXBuildFile section */
		5EE54B5E11FFD22A69D51E7E /* Config.swift in Sources */ = {isa = PBXBuildFile; fileRef = 7894B3179F5D3497B220F41C; };
		C7A229C1E3D7DBFF38CC2948 /* ContentView.swift in Sources */ = {isa = PBXBuildFile; fileRef = 9B2FB0B0AA7037A6D336985B; };
		BB5FA60885E8F3989B9DDDBC /* Comment.swift in Sources */ = {isa = PBXBuildFile; fileRef = 374B266FEF57A8E21BA2C3A4; };
		4E23BD5D4CE2A807690CFD61 /* DailyCheckIn.swift in Sources */ = {isa = PBXBuildFile; fileRef = 07EB99FC74E2AC6146E84BEA; };
		F2823B896938DE83770A38EE /* Friendship.swift in Sources */ = {isa = PBXBuildFile; fileRef = D642C52BE4F26CD21F3B5B48; };
		CE988CEBB7D85A794863DFBA /* Message.swift in Sources */ = {isa = PBXBuildFile; fileRef = E3F8498BC6F9BCDDE0CCECEB; };
		EB9C9FEC7E9A5982F55094D1 /* Post.swift in Sources */ = {isa = PBXBuildFile; fileRef = 9CC56D2576C9918F3E67F8E4; };
		586529BB1DBFBE2D02B46C64 /* User.swift in Sources */ = {isa = PBXBuildFile; fileRef = 17A7930E895FF0FBFF9E964C; };
		74C7A01DC79413C61F14B9F9 /* APIService.swift in Sources */ = {isa = PBXBuildFile; fileRef = 1FFFF00E96BFD845AF2C8685; };
		078DB0E93E998776E4204FD3 /* AuthService.swift in Sources */ = {isa = PBXBuildFile; fileRef = 3383FCD8B3509FAE58E9687F; };
		5DC0F073DD0595BCBBE8541F /* ImageService.swift in Sources */ = {isa = PBXBuildFile; fileRef = 37043A350694E08501954877; };
		CDFAA7684A630EB7B96D5D0E /* SocketService.swift in Sources */ = {isa = PBXBuildFile; fileRef = CD166515E14537F4C153771D; };
		784D084E9392F175AAB56E2C /* SocialAppApp.swift in Sources */ = {isa = PBXBuildFile; fileRef = 2EF13032F9E0B6560C63BCA4; };
		C82B43DA4CAF04EA1546112F /* LoginView.swift in Sources */ = {isa = PBXBuildFile; fileRef = 3647A7FDF49F47CA3B223768; };
		1CB221FE85220AE164BCC04C /* RegisterView.swift in Sources */ = {isa = PBXBuildFile; fileRef = 166700FCE4B9C1AED1B2A35E; };
		30EBE9CCE2375BB8BBF5743C /* ChatBubble.swift in Sources */ = {isa = PBXBuildFile; fileRef = B12180C1F10C788BAD7ABD88; };
		01FCB60DDCA2BCE932935236 /* ChatDetailView.swift in Sources */ = {isa = PBXBuildFile; fileRef = 903C9D14B9052129C050D1FD; };
		BB91BCB6A09B158BB8CD57F3 /* ChatListView.swift in Sources */ = {isa = PBXBuildFile; fileRef = 16FC1063BA85DC61B1F4C901; };
		7286CF79045ED3ED064299D7 /* ChatViewModel.swift in Sources */ = {isa = PBXBuildFile; fileRef = 35205D11D8FC0DC75FE5C555; };
		0CECF77A6636A75DBF20AA15 /* ToastView.swift in Sources */ = {isa = PBXBuildFile; fileRef = CDD3290656B4F5CBBC012725; };
		01825E6914F9E57849B111B4 /* UserAvatarView.swift in Sources */ = {isa = PBXBuildFile; fileRef = CBC08456BCA0318B36F61603; };
		764567F2609F3499FA8DD798 /* CommentView.swift in Sources */ = {isa = PBXBuildFile; fileRef = 525FA2943044939E65D2207F; };
		A59A2A6FBEC1D51EAEA7ADB1 /* CreatePostView.swift in Sources */ = {isa = PBXBuildFile; fileRef = 3DF1A1B76DE87548F47F349F; };
		D3605DEAC4CC6B0450064821 /* FeedView.swift in Sources */ = {isa = PBXBuildFile; fileRef = D6EF6D076CAFEF0CEF5DC918; };
		2731354DA3D7FA844A62BE8E /* FeedViewModel.swift in Sources */ = {isa = PBXBuildFile; fileRef = F5178682387D0CC74523635E; };
		5F5614914431F50AB8812FCF /* PostRow.swift in Sources */ = {isa = PBXBuildFile; fileRef = 6931AA12F288E19C74EFD99A; };
		38FB985E25687709CE500022 /* FriendViewModel.swift in Sources */ = {isa = PBXBuildFile; fileRef = E99E0DBAEB490264BF96F9A5; };
		5D07E6EC374D9874118A9265 /* FriendsView.swift in Sources */ = {isa = PBXBuildFile; fileRef = 58D4A93D5529A9F8A654E8A2; };
		C91F6633A2806293C52CCE1C /* CalendarCheckInView.swift in Sources */ = {isa = PBXBuildFile; fileRef = 0F725987EEC27A53D780F531; };
		0E108A8C5D424BEA80B80C49 /* EditProfileView.swift in Sources */ = {isa = PBXBuildFile; fileRef = D66FE1216C636C189E6BEDA5; };
		338EDE9010152769AB574DB7 /* ProfileView.swift in Sources */ = {isa = PBXBuildFile; fileRef = 0B042386178951B8A219670E; };
		CC0363722E2DAB0FEED00488 /* ProfileViewModel.swift in Sources */ = {isa = PBXBuildFile; fileRef = A131B3FC134D0C4F791E72C6; };
/* End PBXBuildFile section */

/* Begin PBXFileReference section */
		7894B3179F5D3497B220F41C /* Config.swift */ = {isa = PBXFileReference; lastKnownFileType = sourcecode.swift; path = Config.swift; sourceTree = "<group>"; };
		9B2FB0B0AA7037A6D336985B /* ContentView.swift */ = {isa = PBXFileReference; lastKnownFileType = sourcecode.swift; path = ContentView.swift; sourceTree = "<group>"; };
		374B266FEF57A8E21BA2C3A4 /* Comment.swift */ = {isa = PBXFileReference; lastKnownFileType = sourcecode.swift; path = Comment.swift; sourceTree = "<group>"; };
		07EB99FC74E2AC6146E84BEA /* DailyCheckIn.swift */ = {isa = PBXFileReference; lastKnownFileType = sourcecode.swift; path = DailyCheckIn.swift; sourceTree = "<group>"; };
		D642C52BE4F26CD21F3B5B48 /* Friendship.swift */ = {isa = PBXFileReference; lastKnownFileType = sourcecode.swift; path = Friendship.swift; sourceTree = "<group>"; };
		E3F8498BC6F9BCDDE0CCECEB /* Message.swift */ = {isa = PBXFileReference; lastKnownFileType = sourcecode.swift; path = Message.swift; sourceTree = "<group>"; };
		9CC56D2576C9918F3E67F8E4 /* Post.swift */ = {isa = PBXFileReference; lastKnownFileType = sourcecode.swift; path = Post.swift; sourceTree = "<group>"; };
		17A7930E895FF0FBFF9E964C /* User.swift */ = {isa = PBXFileReference; lastKnownFileType = sourcecode.swift; path = User.swift; sourceTree = "<group>"; };
		2EE19E865E16B7B008DE955F /* Assets.xcassets */ = {isa = PBXFileReference; lastKnownFileType = folder.assetcatalog; path = Assets.xcassets; sourceTree = "<group>"; };
		1FFFF00E96BFD845AF2C8685 /* APIService.swift */ = {isa = PBXFileReference; lastKnownFileType = sourcecode.swift; path = APIService.swift; sourceTree = "<group>"; };
		3383FCD8B3509FAE58E9687F /* AuthService.swift */ = {isa = PBXFileReference; lastKnownFileType = sourcecode.swift; path = AuthService.swift; sourceTree = "<group>"; };
		37043A350694E08501954877 /* ImageService.swift */ = {isa = PBXFileReference; lastKnownFileType = sourcecode.swift; path = ImageService.swift; sourceTree = "<group>"; };
		CD166515E14537F4C153771D /* SocketService.swift */ = {isa = PBXFileReference; lastKnownFileType = sourcecode.swift; path = SocketService.swift; sourceTree = "<group>"; };
		2EF13032F9E0B6560C63BCA4 /* SocialAppApp.swift */ = {isa = PBXFileReference; lastKnownFileType = sourcecode.swift; path = SocialAppApp.swift; sourceTree = "<group>"; };
		3647A7FDF49F47CA3B223768 /* LoginView.swift */ = {isa = PBXFileReference; lastKnownFileType = sourcecode.swift; path = LoginView.swift; sourceTree = "<group>"; };
		166700FCE4B9C1AED1B2A35E /* RegisterView.swift */ = {isa = PBXFileReference; lastKnownFileType = sourcecode.swift; path = RegisterView.swift; sourceTree = "<group>"; };
		B12180C1F10C788BAD7ABD88 /* ChatBubble.swift */ = {isa = PBXFileReference; lastKnownFileType = sourcecode.swift; path = ChatBubble.swift; sourceTree = "<group>"; };
		903C9D14B9052129C050D1FD /* ChatDetailView.swift */ = {isa = PBXFileReference; lastKnownFileType = sourcecode.swift; path = ChatDetailView.swift; sourceTree = "<group>"; };
		16FC1063BA85DC61B1F4C901 /* ChatListView.swift */ = {isa = PBXFileReference; lastKnownFileType = sourcecode.swift; path = ChatListView.swift; sourceTree = "<group>"; };
		35205D11D8FC0DC75FE5C555 /* ChatViewModel.swift */ = {isa = PBXFileReference; lastKnownFileType = sourcecode.swift; path = ChatViewModel.swift; sourceTree = "<group>"; };
		CDD3290656B4F5CBBC012725 /* ToastView.swift */ = {isa = PBXFileReference; lastKnownFileType = sourcecode.swift; path = ToastView.swift; sourceTree = "<group>"; };
		CBC08456BCA0318B36F61603 /* UserAvatarView.swift */ = {isa = PBXFileReference; lastKnownFileType = sourcecode.swift; path = UserAvatarView.swift; sourceTree = "<group>"; };
		525FA2943044939E65D2207F /* CommentView.swift */ = {isa = PBXFileReference; lastKnownFileType = sourcecode.swift; path = CommentView.swift; sourceTree = "<group>"; };
		3DF1A1B76DE87548F47F349F /* CreatePostView.swift */ = {isa = PBXFileReference; lastKnownFileType = sourcecode.swift; path = CreatePostView.swift; sourceTree = "<group>"; };
		D6EF6D076CAFEF0CEF5DC918 /* FeedView.swift */ = {isa = PBXFileReference; lastKnownFileType = sourcecode.swift; path = FeedView.swift; sourceTree = "<group>"; };
		F5178682387D0CC74523635E /* FeedViewModel.swift */ = {isa = PBXFileReference; lastKnownFileType = sourcecode.swift; path = FeedViewModel.swift; sourceTree = "<group>"; };
		6931AA12F288E19C74EFD99A /* PostRow.swift */ = {isa = PBXFileReference; lastKnownFileType = sourcecode.swift; path = PostRow.swift; sourceTree = "<group>"; };
		E99E0DBAEB490264BF96F9A5 /* FriendViewModel.swift */ = {isa = PBXFileReference; lastKnownFileType = sourcecode.swift; path = FriendViewModel.swift; sourceTree = "<group>"; };
		58D4A93D5529A9F8A654E8A2 /* FriendsView.swift */ = {isa = PBXFileReference; lastKnownFileType = sourcecode.swift; path = FriendsView.swift; sourceTree = "<group>"; };
		0F725987EEC27A53D780F531 /* CalendarCheckInView.swift */ = {isa = PBXFileReference; lastKnownFileType = sourcecode.swift; path = CalendarCheckInView.swift; sourceTree = "<group>"; };
		D66FE1216C636C189E6BEDA5 /* EditProfileView.swift */ = {isa = PBXFileReference; lastKnownFileType = sourcecode.swift; path = EditProfileView.swift; sourceTree = "<group>"; };
		0B042386178951B8A219670E /* ProfileView.swift */ = {isa = PBXFileReference; lastKnownFileType = sourcecode.swift; path = ProfileView.swift; sourceTree = "<group>"; };
		A131B3FC134D0C4F791E72C6 /* ProfileViewModel.swift */ = {isa = PBXFileReference; lastKnownFileType = sourcecode.swift; path = ProfileViewModel.swift; sourceTree = "<group>"; };
		DD94EF79C0F6CB6E97AC4365 /* Info.plist */ = {isa = PBXFileReference; lastKnownFileType = text.plist.xml; path = Info.plist; sourceTree = "<group>"; };
		C18BE7EE8AA746D32375932A /* SocialApp.app */ = {isa = PBXFileReference; explicitFileType = wrapper.application; includeInIndex = 0; path = SocialApp.app; sourceTree = BUILT_PRODUCTS_DIR; };
/* End PBXFileReference section */

/* Begin PBXGroup section */
		900859F3D974058A6E78E3C4 = {
			isa = PBXGroup;
			children = (
				166700FCE4B9C1AED1B2A35E,
				3647A7FDF49F47CA3B223768,
			);
			name = "Auth";
			path = "Auth";
			sourceTree = "<group>";
		};
		0E9C51028A0A2B6C8050D165 = {
			isa = PBXGroup;
			children = (
				16FC1063BA85DC61B1F4C901,
				35205D11D8FC0DC75FE5C555,
				903C9D14B9052129C050D1FD,
				B12180C1F10C788BAD7ABD88,
			);
			name = "Chat";
			path = "Chat";
			sourceTree = "<group>";
		};
		129C1DC6AB8410FB687BE0F3 = {
			isa = PBXGroup;
			children = (
				CBC08456BCA0318B36F61603,
				CDD3290656B4F5CBBC012725,
			);
			name = "Components";
			path = "Components";
			sourceTree = "<group>";
		};
		9987E2F10661633790E9A5D1 = {
			isa = PBXGroup;
			children = (
				3DF1A1B76DE87548F47F349F,
				525FA2943044939E65D2207F,
				6931AA12F288E19C74EFD99A,
				D6EF6D076CAFEF0CEF5DC918,
				F5178682387D0CC74523635E,
			);
			name = "Feed";
			path = "Feed";
			sourceTree = "<group>";
		};
		73961A2C741E7FD46B873747 = {
			isa = PBXGroup;
			children = (
				58D4A93D5529A9F8A654E8A2,
				E99E0DBAEB490264BF96F9A5,
			);
			name = "Friends";
			path = "Friends";
			sourceTree = "<group>";
		};
		F4A5B21B820F40F779B8A544 = {
			isa = PBXGroup;
			children = (
				07EB99FC74E2AC6146E84BEA,
				17A7930E895FF0FBFF9E964C,
				374B266FEF57A8E21BA2C3A4,
				9CC56D2576C9918F3E67F8E4,
				D642C52BE4F26CD21F3B5B48,
				E3F8498BC6F9BCDDE0CCECEB,
			);
			name = "Models";
			path = "Models";
			sourceTree = "<group>";
		};
		D20E745647C489451C8C4E12 = {
			isa = PBXGroup;
			children = (
				0B042386178951B8A219670E,
				0F725987EEC27A53D780F531,
				A131B3FC134D0C4F791E72C6,
				D66FE1216C636C189E6BEDA5,
			);
			name = "Profile";
			path = "Profile";
			sourceTree = "<group>";
		};
		2C5180F60549D53DE8C5705B = {
			isa = PBXGroup;
			children = (
				2EE19E865E16B7B008DE955F,
			);
			name = "Resources";
			path = "Resources";
			sourceTree = "<group>";
		};
		6138BFDD670A26B82229ECB4 = {
			isa = PBXGroup;
			children = (
				1FFFF00E96BFD845AF2C8685,
				3383FCD8B3509FAE58E9687F,
				37043A350694E08501954877,
				CD166515E14537F4C153771D,
			);
			name = "Services";
			path = "Services";
			sourceTree = "<group>";
		};
		8AF8909526CA0307369E8DCF = {
			isa = PBXGroup;
			children = (
				2C5180F60549D53DE8C5705B,
				2EF13032F9E0B6560C63BCA4,
				6138BFDD670A26B82229ECB4,
				7894B3179F5D3497B220F41C,
				9B2FB0B0AA7037A6D336985B,
				A49DEDB7BE3508B841563FED,
				DD94EF79C0F6CB6E97AC4365,
				F4A5B21B820F40F779B8A544,
			);
			name = "SocialApp";
			path = "SocialApp";
			sourceTree = "<group>";
		};
		A49DEDB7BE3508B841563FED = {
			isa = PBXGroup;
			children = (
				0E9C51028A0A2B6C8050D165,
				129C1DC6AB8410FB687BE0F3,
				73961A2C741E7FD46B873747,
				900859F3D974058A6E78E3C4,
				9987E2F10661633790E9A5D1,
				D20E745647C489451C8C4E12,
			);
			name = "Views";
			path = "Views";
			sourceTree = "<group>";
		};
/* End PBXGroup section */

/* Begin PBXNativeTarget section */
		C1013DB35AD48D725E1450F7 /* SocialApp */ = {
			isa = PBXNativeTarget;
			buildConfigurationList = E6AFE06CAD05F1DEB6342D71;
			buildPhases = (
				D8D8F9486970B791B57778DB,
				B9FCD3E5ACA08331DDD61B87,
				D6D6A36D8366B62CE6DA282D,
			);
			buildRules = (
			);
			dependencies = (
			);
			name = "SocialApp";
			productName = "SocialApp";
			productReference = C18BE7EE8AA746D32375932A;
			productType = "com.apple.product-type.application";
		};
/* End PBXNativeTarget section */

/* Begin PBXProject section */
		4A6F27C908A851369014F458 /* Project object */ = {
			isa = PBXProject;
			attributes = {
				BuildIndependentTargetsInParallel = 1;
				LastSwiftUpdateCheck = 1540;
				LastUpgradeCheck = 1540;
				TargetAttributes = {
					C1013DB35AD48D725E1450F7 = {
						CreatedOnToolsVersion = 15.4;
					};
				};
			};
			buildConfigurationList = 01DDEFA6698105A18D7CA81A;
			compatibilityVersion = "Xcode 14.0";
			developmentRegion = en;
			hasScannedForEncodings = 0;
			knownRegions = (
				en,
				Base,
			);
			mainGroup = 8AF8909526CA0307369E8DCF;
			productRefGroup = 8AF8909526CA0307369E8DCF;
			projectDirPath = "";
			projectRoot = "";
			targets = (
				C1013DB35AD48D725E1450F7,
			);
		};
/* End PBXProject section */

/* Begin PBXResourcesBuildPhase section */
		D6D6A36D8366B62CE6DA282D = {
			isa = PBXResourcesBuildPhase;
			buildActionMask = 2147483647;
			files = (
				2EE19E865E16B7B008DE955F /* Assets.xcassets */,
			);
			runOnlyForDeploymentPostprocessing = 0;
		};
/* End PBXResourcesBuildPhase section */

/* Begin PBXSourcesBuildPhase section */
		D8D8F9486970B791B57778DB = {
			isa = PBXSourcesBuildPhase;
			buildActionMask = 2147483647;
			files = (
				5EE54B5E11FFD22A69D51E7E /* Config.swift */,
				C7A229C1E3D7DBFF38CC2948 /* ContentView.swift */,
				BB5FA60885E8F3989B9DDDBC /* Comment.swift */,
				4E23BD5D4CE2A807690CFD61 /* DailyCheckIn.swift */,
				F2823B896938DE83770A38EE /* Friendship.swift */,
				CE988CEBB7D85A794863DFBA /* Message.swift */,
				EB9C9FEC7E9A5982F55094D1 /* Post.swift */,
				586529BB1DBFBE2D02B46C64 /* User.swift */,
				74C7A01DC79413C61F14B9F9 /* APIService.swift */,
				078DB0E93E998776E4204FD3 /* AuthService.swift */,
				5DC0F073DD0595BCBBE8541F /* ImageService.swift */,
				CDFAA7684A630EB7B96D5D0E /* SocketService.swift */,
				784D084E9392F175AAB56E2C /* SocialAppApp.swift */,
				C82B43DA4CAF04EA1546112F /* LoginView.swift */,
				1CB221FE85220AE164BCC04C /* RegisterView.swift */,
				30EBE9CCE2375BB8BBF5743C /* ChatBubble.swift */,
				01FCB60DDCA2BCE932935236 /* ChatDetailView.swift */,
				BB91BCB6A09B158BB8CD57F3 /* ChatListView.swift */,
				7286CF79045ED3ED064299D7 /* ChatViewModel.swift */,
				0CECF77A6636A75DBF20AA15 /* ToastView.swift */,
				01825E6914F9E57849B111B4 /* UserAvatarView.swift */,
				764567F2609F3499FA8DD798 /* CommentView.swift */,
				A59A2A6FBEC1D51EAEA7ADB1 /* CreatePostView.swift */,
				D3605DEAC4CC6B0450064821 /* FeedView.swift */,
				2731354DA3D7FA844A62BE8E /* FeedViewModel.swift */,
				5F5614914431F50AB8812FCF /* PostRow.swift */,
				38FB985E25687709CE500022 /* FriendViewModel.swift */,
				5D07E6EC374D9874118A9265 /* FriendsView.swift */,
				C91F6633A2806293C52CCE1C /* CalendarCheckInView.swift */,
				0E108A8C5D424BEA80B80C49 /* EditProfileView.swift */,
				338EDE9010152769AB574DB7 /* ProfileView.swift */,
				CC0363722E2DAB0FEED00488 /* ProfileViewModel.swift */,
			);
			runOnlyForDeploymentPostprocessing = 0;
		};
/* End PBXSourcesBuildPhase section */

/* Begin PBXFrameworksBuildPhase section */
		B9FCD3E5ACA08331DDD61B87 = {
			isa = PBXFrameworksBuildPhase;
			buildActionMask = 2147483647;
			files = (
			);
			runOnlyForDeploymentPostprocessing = 0;
		};
/* End PBXFrameworksBuildPhase section */

/* Begin XCBuildConfiguration section */
		4737D46F3BF035D768B0322A = {
			isa = XCBuildConfiguration;
			buildSettings = {
				ALWAYS_SEARCH_USER_PATHS = NO;
				ASSETCATALOG_COMPILER_GENERATE_SWIFT_ASSET_SYMBOL_EXTENSIONS = YES;
				CLANG_ANALYZER_NONNULL = YES;
				CLANG_ENABLE_MODULES = YES;
				CLANG_ENABLE_OBJC_ARC = YES;
				COPY_PHASE_STRIP = NO;
				DEBUG_INFORMATION_FORMAT = "dwarf-with-dsym";
				ENABLE_STRICT_OBJC_MSGSEND = YES;
				GCC_OPTIMIZATION_LEVEL = 0;
				IPHONEOS_DEPLOYMENT_TARGET = 16.0;
				MTL_ENABLE_DEBUG_INFO = INCLUDE_SOURCE;
				ONLY_ACTIVE_ARCH = YES;
				SDKROOT = iphoneos;
				SWIFT_ACTIVE_COMPILATION_CONDITIONS = DEBUG;
				SWIFT_OPTIMIZATION_LEVEL = "-Onone";
			};
			name = Debug;
		};

		0A376A27E3E119AD42D6D100 = {
			isa = XCBuildConfiguration;
			buildSettings = {
				ALWAYS_SEARCH_USER_PATHS = NO;
				ASSETCATALOG_COMPILER_GENERATE_SWIFT_ASSET_SYMBOL_EXTENSIONS = YES;
				CLANG_ANALYZER_NONNULL = YES;
				CLANG_ENABLE_MODULES = YES;
				CLANG_ENABLE_OBJC_ARC = YES;
				COPY_PHASE_STRIP = NO;
				DEBUG_INFORMATION_FORMAT = "dwarf-with-dsym";
				ENABLE_NS_ASSERTIONS = NO;
				ENABLE_STRICT_OBJC_MSGSEND = YES;
				IPHONEOS_DEPLOYMENT_TARGET = 16.0;
				MTL_ENABLE_DEBUG_INFO = NO;
				SDKROOT = iphoneos;
				SWIFT_COMPILATION_MODE = wholemodule;
				VALIDATE_PRODUCT = YES;
			};
			name = Release;
		};

		CDAD7A0669DFCA43F14DFD97 = {
			isa = XCBuildConfiguration;
			buildSettings = {
				ASSETCATALOG_COMPILER_APPICON_NAME = AppIcon;
				CODE_SIGN_STYLE = Automatic;
				INFOPLIST_FILE = SocialApp/Info.plist;
				PRODUCT_BUNDLE_IDENTIFIER = com.socialapp.ios;
				SWIFT_VERSION = 5.0;
				TARGETED_DEVICE_FAMILY = "1,2";
			};
			name = Debug;
		};

		015CEC0246FEEFD8178C2797 = {
			isa = XCBuildConfiguration;
			buildSettings = {
				ASSETCATALOG_COMPILER_APPICON_NAME = AppIcon;
				CODE_SIGN_STYLE = Automatic;
				INFOPLIST_FILE = SocialApp/Info.plist;
				PRODUCT_BUNDLE_IDENTIFIER = com.socialapp.ios;
				SWIFT_VERSION = 5.0;
				TARGETED_DEVICE_FAMILY = "1,2";
			};
			name = Release;
		};
/* End XCBuildConfiguration section */

/* Begin XCConfigurationList section */
		01DDEFA6698105A18D7CA81A = {
			isa = XCConfigurationList;
			buildConfigurations = (
				4737D46F3BF035D768B0322A,
				0A376A27E3E119AD42D6D100,
			);
			defaultConfigurationIsVisible = 0;
			defaultConfigurationName = Release;
		};

		E6AFE06CAD05F1DEB6342D71 = {
			isa = XCConfigurationList;
			buildConfigurations = (
				CDAD7A0669DFCA43F14DFD97,
				015CEC0246FEEFD8178C2797,
			);
			defaultConfigurationIsVisible = 0;
			defaultConfigurationName = Release;
		};
/* End XCConfigurationList section */

	};
	rootObject = 4A6F27C908A851369014F458;
}
